<?xml version="1.0" encoding="utf-8"?>
<Project ToolsVersion="4.0" xmlns="http://schemas.microsoft.com/developer/msbuild/2003">
  <ItemGroup>
    <Filter Include="Source Files">
      <UniqueIdentifier>{4FC737F1-C7A5-4376-A066-2A32D752A2FF}</UniqueIdentifier>
      <Extensions>cpp;c;cc;cxx;def;odl;idl;hpj;bat;asm;asmx</Extensions>
    </Filter>
    <Filter Include="Header Files">
      <UniqueIdentifier>{93995380-89BD-4b04-88EB-625FBE52EBFB}</UniqueIdentifier>
      <Extensions>h;hpp;hxx;hm;inl;inc;xsd</Extensions>
    </Filter>
    <Filter Include="Resource Files">
      <UniqueIdentifier>{67DA6AB6-F800-4c08-8B7A-83BB121AAD01}</UniqueIdentifier>
      <Extensions>rc;ico;cur;bmp;dlg;rc2;rct;bin;rgs;gif;jpg;jpeg;jpe;resx;tiff;tif;png;wav</Extensions>
    </Filter>
  </ItemGroup>
  <ItemGroup>
    <ClCompile Include="BackProp.cpp">
      <Filter>Source Files</Filter>
    </ClCompile>
    <ClCompile Include="BpAnnStreamFilters.cpp">
      <Filter>Source Files</Filter>
    </ClCompile>
    <ClCompile Include="BpZAnalogFlipMultiPrd.cpp">
      <Filter>Source Files</Filter>
    </ClCompile>
    <ClCompile Include="BpZAnalogFlipPrd.cpp">
      <Filter>Source Files</Filter>
    </ClCompile>
    <ClCompile Include="Buffer.cpp">
      <Filter>Source Files</Filter>
    </ClCompile>
    <ClCompile Include="FtdiRng.cpp">
      <Filter>Source Files</Filter>
    </ClCompile>
    <ClCompile Include="IBuffer.cpp">
      <Filter>Source Files</Filter>
    </ClCompile>
    <ClCompile Include="InetPrd.cpp">
      <Filter>Source Files</Filter>
    </ClCompile>
    <ClCompile Include="IPrdGen.cpp">
      <Filter>Source Files</Filter>
    </ClCompile>
    <ClCompile Include="IRng.cpp">
      <Filter>Source Files</Filter>
    </ClCompile>
    <ClCompile Include="LfsrCorrector.cpp">
      <Filter>Source Files</Filter>
    </ClCompile>
    <ClCompile Include="Logger.cpp">
      <Filter>Source Files</Filter>
    </ClCompile>
    <ClCompile Include="LpFilter.cpp">
      <Filter>Source Files</Filter>
    </ClCompile>
    <ClCompile Include="LpSpeedFilter.cpp">
      <Filter>Source Files</Filter>
    </ClCompile>
    <ClCompile Include="MersenneTwister.cpp">
      <Filter>Source Files</Filter>
    </ClCompile>
    <ClCompile Include="MilliTimer.cpp">
      <Filter>Source Files</Filter>
    </ClCompile>
    <ClCompile Include="PcqngCore.cpp">
      <Filter>Source Files</Filter>
    </ClCompile>
    <ClCompile Include="PcqngRng.cpp">
      <Filter>Source Files</Filter>
    </ClCompile>
    <ClCompile Include="PcqngTargetGen.cpp">
      <Filter>Source Files</Filter>
    </ClCompile>
    <ClCompile Include="PrdComparator.cpp">
      <Filter>Source Files</Filter>
    </ClCompile>
    <ClCompile Include="PseudoRng.cpp">
      <Filter>Source Files</Filter>
    </ClCompile>
    <ClCompile Include="Stats.cpp">
      <Filter>Source Files</Filter>
    </ClCompile>
    <ClCompile Include="TwisterRng.cpp">
      <Filter>Source Files</Filter>
    </ClCompile>
    <ClCompile Include="xmlParser.cpp">
      <Filter>Header Files</Filter>
    </ClCompile>
    <ClCompile Include="PrdCore.cpp">
      <Filter>Source Files</Filter>
    </ClCompile>
    <ClCompile Include="FtdiRngArray.cpp">
      <Filter>Source Files</Filter>
    </ClCompile>
    <ClCompile Include="PrdObject.cpp">
      <Filter>Source Files</Filter>
    </ClCompile>
  </ItemGroup>
  <ItemGroup>
    <ClInclude Include="BackProp.H">
      <Filter>Header Files</Filter>
    </ClInclude>
    <ClInclude Include="BpAnnStreamFilters.hpp">
      <Filter>Header Files</Filter>
    </ClInclude>
    <ClInclude Include="BpZAnalogFlipMultiPrd.hpp">
      <Filter>Header Files</Filter>
    </ClInclude>
    <ClInclude Include="BpZAnalogFlipPrd.hpp">
      <Filter>Header Files</Filter>
    </ClInclude>
    <ClInclude Include="Buffer.hpp">
      <Filter>Header Files</Filter>
    </ClInclude>
    <ClInclude Include="FtdiRng.hpp">
      <Filter>Header Files</Filter>
    </ClInclude>
    <ClInclude Include="IBuffer.hpp">
      <Filter>Header Files</Filter>
    </ClInclude>
    <ClInclude Include="InetPrd.hpp">
      <Filter>Header Files</Filter>
    </ClInclude>
    <ClInclude Include="IPrdGen.hpp">
      <Filter>Header Files</Filter>
    </ClInclude>
    <ClInclude Include="IRng.hpp">
      <Filter>Header Files</Filter>
    </ClInclude>
    <ClInclude Include="ITargetGen.hpp">
      <Filter>Header Files</Filter>
    </ClInclude>
    <ClInclude Include="LfsrCorrector.hpp">
      <Filter>Header Files</Filter>
    </ClInclude>
    <ClInclude Include="Logger.hpp">
      <Filter>Header Files</Filter>
    </ClInclude>
    <ClInclude Include="LpFilter.hpp">
      <Filter>Header Files</Filter>
    </ClInclude>
    <ClInclude Include="LpSpeedFilter.hpp">
      <Filter>Header Files</Filter>
    </ClInclude>
    <ClInclude Include="MersenneTwister.hpp">
      <Filter>Header Files</Filter>
    </ClInclude>
    <ClInclude Include="MilliTimer.hpp">
      <Filter>Header Files</Filter>
    </ClInclude>
    <ClInclude Include="PcqngCore.hpp">
      <Filter>Header Files</Filter>
    </ClInclude>
    <ClInclude Include="PcqngRng.hpp">
      <Filter>Header Files</Filter>
    </ClInclude>
    <ClInclude Include="PcqngTargetGen.hpp">
      <Filter>Header Files</Filter>
    </ClInclude>
    <ClInclude Include="PrdComparator.hpp">
      <Filter>Header Files</Filter>
    </ClInclude>
    <ClInclude Include="PseudoRng.hpp">
      <Filter>Header Files</Filter>
    </ClInclude>
    <ClInclude Include="Stats.hpp">
      <Filter>Header Files</Filter>
    </ClInclude>
    <ClInclude Include="stdint.h">
      <Filter>Header Files</Filter>
    </ClInclude>
    <ClInclude Include="TwisterRng.hpp">
      <Filter>Header Files</Filter>
    </ClInclude>
    <ClInclude Include="xmlParser.h">
      <Filter>Header Files</Filter>
    </ClInclude>
    <ClInclude Include="PrdCore.h">
      <Filter>Header Files</Filter>
    </ClInclude>
    <ClInclude Include="BoundedWalkGen.hpp">
      <Filter>Header Files</Filter>
    </ClInclude>
    <ClInclude Include="FtdiRngArray.hpp">
      <Filter>Header Files</Filter>
    </ClInclude>
    <ClInclude Include="PrdObject.h">
      <Filter>Header Files</Filter>
    </ClInclude>
  </ItemGroup>
  <ItemGroup>
    <None Include="xmlParserReadMe.txt">
      <Filter>Header Files</Filter>
    </None>
    <None Include="PsigPrdConfig.xml" />
  </ItemGroup>
  <ItemGroup>
    <Resource Include="Resource\resource.res">
      <Filter>Resource Files</Filter>
    </Resource>
  </ItemGroup>
</Project>