<?xml version="1.0" encoding="utf-8"?>
<Project ToolsVersion="4.0" xmlns="http://schemas.microsoft.com/developer/msbuild/2003">
  <ItemGroup>
    <Filter Include="Source Files">
      <UniqueIdentifier>{4FC737F1-C7A5-4376-A066-2A32D752A2FF}</UniqueIdentifier>
      <Extensions>cpp;c;cc;cxx;def;odl;idl;hpj;bat;asm;asmx</Extensions>
    </Filter>
    <Filter Include="Header Files">
      <UniqueIdentifier>{93995380-89BD-4b04-88EB-625FBE52EBFB}</UniqueIdentifier>
      <Extensions>h;hpp;hxx;hm;inl;inc;xsd</Extensions>
    </Filter>
    <Filter Include="Resource Files">
      <UniqueIdentifier>{67DA6AB6-F800-4c08-8B7A-83BB121AAD01}</UniqueIdentifier>
      <Extensions>rc;ico;cur;bmp;dlg;rc2;rct;bin;rgs;gif;jpg;jpeg;jpe;resx;tiff;tif;png;wav;mfcribbon-ms</Extensions>
    </Filter>
  </ItemGroup>
  <ItemGroup>
    <ClCompile Include="PrdCoreTest.cpp">
      <Filter>Source Files</Filter>
    </ClCompile>
    <ClCompile Include="..\PrdCore\Buffer.cpp">
      <Filter>Source Files</Filter>
    </ClCompile>
    <ClCompile Include="..\PrdCore\FtdiArrayRng.cpp">
      <Filter>Source Files</Filter>
    </ClCompile>
    <ClCompile Include="..\PrdCore\FtdiRng.cpp">
      <Filter>Source Files</Filter>
    </ClCompile>
    <ClCompile Include="..\PrdCore\IPrd.cpp">
      <Filter>Source Files</Filter>
    </ClCompile>
    <ClCompile Include="..\PrdCore\IRng.cpp">
      <Filter>Source Files</Filter>
    </ClCompile>
    <ClCompile Include="..\PrdCore\LfsrCorrector.cpp">
      <Filter>Source Files</Filter>
    </ClCompile>
    <ClCompile Include="..\PrdCore\LpFilter.cpp">
      <Filter>Source Files</Filter>
    </ClCompile>
    <ClCompile Include="..\PrdCore\PcqngRng.cpp">
      <Filter>Source Files</Filter>
    </ClCompile>
    <ClCompile Include="..\PrdCore\PrdCoreObject.cpp">
      <Filter>Source Files</Filter>
    </ClCompile>
    <ClCompile Include="..\PrdCore\SimpleWalkPrd.cpp">
      <Filter>Source Files</Filter>
    </ClCompile>
    <ClCompile Include="..\PrdCore\PrngRng.cpp">
      <Filter>Source Files</Filter>
    </ClCompile>
  </ItemGroup>
  <ItemGroup>
    <ClInclude Include="PcqngCoreTest.h">
      <Filter>Header Files</Filter>
    </ClInclude>
    <ClInclude Include="..\PrdCore\Buffer.h">
      <Filter>Header Files</Filter>
    </ClInclude>
    <ClInclude Include="..\PrdCore\FtdiArrayRng.h">
      <Filter>Header Files</Filter>
    </ClInclude>
    <ClInclude Include="..\PrdCore\FtdiRng.h">
      <Filter>Header Files</Filter>
    </ClInclude>
    <ClInclude Include="..\PrdCore\IPrd.h">
      <Filter>Header Files</Filter>
    </ClInclude>
    <ClInclude Include="..\PrdCore\IRng.h">
      <Filter>Header Files</Filter>
    </ClInclude>
    <ClInclude Include="..\PrdCore\LfsrCorrector.h">
      <Filter>Header Files</Filter>
    </ClInclude>
    <ClInclude Include="..\PrdCore\LpFilter.h">
      <Filter>Header Files</Filter>
    </ClInclude>
    <ClInclude Include="..\PrdCore\PcqngRng.h">
      <Filter>Header Files</Filter>
    </ClInclude>
    <ClInclude Include="..\PrdCore\PrdCoreObject.h">
      <Filter>Header Files</Filter>
    </ClInclude>
    <ClInclude Include="PrdCoreDllTest.h">
      <Filter>Header Files</Filter>
    </ClInclude>
    <ClInclude Include="SimpleWalkPrdTest.h">
      <Filter>Header Files</Filter>
    </ClInclude>
    <ClInclude Include="..\PrdCore\SimpleWalkPrd.h">
      <Filter>Header Files</Filter>
    </ClInclude>
    <ClInclude Include="..\PrdCore\PrngRng.h">
      <Filter>Header Files</Filter>
    </ClInclude>
  </ItemGroup>
</Project>